dependencies:
- name: common
  repository: https://charts.bitnami.com/bitnami
  version: 2.13.3
- name: backstage
  repository: https://backstage.github.io/charts
  version: 1.8.1
digest: sha256:56603cc91ebfc0219686d9cb2b2b24503b367606186629a46e3a845adec04f24
generated: "2023-12-16T19:06:52.594698535Z"
