dependencies:
- name: common
  repository: https://charts.bitnami.com/bitnami
  version: 2.13.4
- name: backstage
  repository: https://backstage.github.io/charts
  version: 1.8.0
digest: sha256:786c0579c603c54fc118c510c6643b513a6e0aeb825876cdf488ee23267297aa
generated: "2023-12-16T19:07:12.280566028Z"
